
Microsoft Visual Studio Solution File, Format Version 12.00
# Visual Studio Version 17
VisualStudioVersion = 17.7.34031.279
MinimumVisualStudioVersion = 10.0.40219.1
Project("{9A19103F-16F7-4668-BE54-9A1E7A4F7556}") = "Esatto.AppCoordination.Common", "Esatto.AppCoordination.Common\Esatto.AppCoordination.Common.csproj", "{4FD6075B-F1F1-41AE-BE3D-E92AB212B21A}"
EndProject
Project("{9A19103F-16F7-4668-BE54-9A1E7A4F7556}") = "Esatto.AppCoordination.Coordinator", "Esatto.AppCoordination.Coordinator\Esatto.AppCoordination.Coordinator.csproj", "{4F6C50D7-FDCE-4400-8904-F077733A61DF}"
EndProject
Project("{2150E333-8FDC-42A3-9474-1A3956D46DE8}") = "Solution Items", "Solution Items", "{283A09E1-C1F8-4B48-AA9E-7FE79494822E}"
	ProjectSection(SolutionItems) = preProject
		.editorconfig = .editorconfig
		Directory.Packages.props = Directory.Packages.props
		Assets\EsattoCSCommon.targets = Assets\EsattoCSCommon.targets
		LICENSE.txt = LICENSE.txt
		README.md = README.md
		.github\workflows\release.yml = .github\workflows\release.yml
	EndProjectSection
EndProject
Project("{9A19103F-16F7-4668-BE54-9A1E7A4F7556}") = "Esatto.AppCoordination.DemoClient", "Esatto.AppCoordination.DemoClient\Esatto.AppCoordination.DemoClient.csproj", "{7934F33A-45FE-45DD-80AC-3B596EA1D00B}"
EndProject
Project("{B7DD6F7E-DEF8-4E67-B5B7-07EF123DB6F0}") = "Esatto.AppCoordination.Setup", "Esatto.AppCoordination.Setup\Esatto.AppCoordination.Setup.wixproj", "{EE8F7B9A-1765-49D4-BC84-7CDB647C2A4D}"
EndProject
Project("{FAE04EC0-301F-11D3-BF4B-00C04F79EFBC}") = "Esatto.AppCoordination.DemoCoordinatedNotepad", "Esatto.AppCoordination.DemoCoordinatedNotepad\Esatto.AppCoordination.DemoCoordinatedNotepad.csproj", "{DA9F200A-6AF1-4C90-959F-433D6CF11C95}"
EndProject
Project("{FAE04EC0-301F-11D3-BF4B-00C04F79EFBC}") = "Esatto.AppCoordination.Teleport", "Esatto.AppCoordination.Teleport\Esatto.AppCoordination.Teleport.csproj", "{86C7BBB5-D5E2-4CFB-BABA-94B6E1964E1B}"
EndProject
Global
	GlobalSection(SolutionConfigurationPlatforms) = preSolution
		Debug|Any CPU = Debug|Any CPU
		Release|Any CPU = Release|Any CPU
	EndGlobalSection
	GlobalSection(ProjectConfigurationPlatforms) = postSolution
		{4FD6075B-F1F1-41AE-BE3D-E92AB212B21A}.Debug|Any CPU.ActiveCfg = Debug|Any CPU
		{4FD6075B-F1F1-41AE-BE3D-E92AB212B21A}.Debug|Any CPU.Build.0 = Debug|Any CPU
		{4FD6075B-F1F1-41AE-BE3D-E92AB212B21A}.Release|Any CPU.ActiveCfg = Release|Any CPU
		{4FD6075B-F1F1-41AE-BE3D-E92AB212B21A}.Release|Any CPU.Build.0 = Release|Any CPU
		{4F6C50D7-FDCE-4400-8904-F077733A61DF}.Debug|Any CPU.ActiveCfg = Debug|Any CPU
		{4F6C50D7-FDCE-4400-8904-F077733A61DF}.Debug|Any CPU.Build.0 = Debug|Any CPU
		{4F6C50D7-FDCE-4400-8904-F077733A61DF}.Release|Any CPU.ActiveCfg = Release|Any CPU
		{4F6C50D7-FDCE-4400-8904-F077733A61DF}.Release|Any CPU.Build.0 = Release|Any CPU
		{7934F33A-45FE-45DD-80AC-3B596EA1D00B}.Debug|Any CPU.ActiveCfg = Debug|Any CPU
		{7934F33A-45FE-45DD-80AC-3B596EA1D00B}.Debug|Any CPU.Build.0 = Debug|Any CPU
		{7934F33A-45FE-45DD-80AC-3B596EA1D00B}.Release|Any CPU.ActiveCfg = Release|Any CPU
		{7934F33A-45FE-45DD-80AC-3B596EA1D00B}.Release|Any CPU.Build.0 = Release|Any CPU
		{EE8F7B9A-1765-49D4-BC84-7CDB647C2A4D}.Debug|Any CPU.ActiveCfg = Debug|x64
		{EE8F7B9A-1765-49D4-BC84-7CDB647C2A4D}.Release|Any CPU.ActiveCfg = Release|x64
		{DA9F200A-6AF1-4C90-959F-433D6CF11C95}.Debug|Any CPU.ActiveCfg = Debug|Any CPU
		{DA9F200A-6AF1-4C90-959F-433D6CF11C95}.Debug|Any CPU.Build.0 = Debug|Any CPU
		{DA9F200A-6AF1-4C90-959F-433D6CF11C95}.Release|Any CPU.ActiveCfg = Release|Any CPU
		{DA9F200A-6AF1-4C90-959F-433D6CF11C95}.Release|Any CPU.Build.0 = Release|Any CPU
		{86C7BBB5-D5E2-4CFB-BABA-94B6E1964E1B}.Debug|Any CPU.ActiveCfg = Debug|Any CPU
		{86C7BBB5-D5E2-4CFB-BABA-94B6E1964E1B}.Debug|Any CPU.Build.0 = Debug|Any CPU
		{86C7BBB5-D5E2-4CFB-BABA-94B6E1964E1B}.Release|Any CPU.ActiveCfg = Release|Any CPU
		{86C7BBB5-D5E2-4CFB-BABA-94B6E1964E1B}.Release|Any CPU.Build.0 = Release|Any CPU
	EndGlobalSection
	GlobalSection(SolutionProperties) = preSolution
		HideSolutionNode = FALSE
	EndGlobalSection
	GlobalSection(ExtensibilityGlobals) = postSolution
		SolutionGuid = {A5AAA18B-06F3-4E40-91C7-ECE3E1B28F68}
	EndGlobalSection
EndGlobal
